{
  "name": "github-rest-api-availability-analysis",
  "version": "0.0.1",
  "lockfileVersion": 1,
  "requires": true,
  "dependencies": {
    "@octokit/routes": {
      "version": "26.0.0",
      "resolved": "https://registry.npmjs.org/@octokit/routes/-/routes-26.0.0.tgz",
      "integrity": "sha512-xtHQeeRB9bw4IrXNcRqBc43OkSnQZwdkUpfljFVRqlm/PG8yqkgHTN3Sa6ChXf/xWQV5AHBPYEa+VvsMQoUymg=="
    },
    "lodash": {
      "version": "4.17.11",
      "resolved": "https://registry.npmjs.org/lodash/-/lodash-4.17.11.tgz",
      "integrity": "sha512-cQKh8igo5QUhZ7lg38DYWAxMvjSAKG0A8wGSVimP07SIUEK2UO+arSRKbRZWtelMtN5V0Hkwh5ryOto/SshYIg=="
    }
  }
}
