{
  "name": "github-rest-api-availability-analysis",
  "version": "0.0.1",
  "lockfileVersion": 1,
  "requires": true,
  "dependencies": {
    "@octokit/routes": {
      "version": "20.6.1",
      "resolved": "https://registry.npmjs.org/@octokit/routes/-/routes-20.6.1.tgz",
      "integrity": "sha512-yJoc3VT8GXIo9/7xkJvB407VQqgP5BbvUYR53N/sW7O+e3q28ao3QiqLsWEgeNy/AlJvutbaF+U5CN2C9tvA6g=="
    },
    "lodash": {
      "version": "4.17.11",
      "resolved": "https://registry.npmjs.org/lodash/-/lodash-4.17.11.tgz",
      "integrity": "sha512-cQKh8igo5QUhZ7lg38DYWAxMvjSAKG0A8wGSVimP07SIUEK2UO+arSRKbRZWtelMtN5V0Hkwh5ryOto/SshYIg=="
    }
  }
}
